
Microsoft Visual Studio Solution File, Format Version 12.00
# Visual Studio Version 16
VisualStudioVersion = 16.0.31911.196
MinimumVisualStudioVersion = 10.0.40219.1
Project("{FAE04EC0-301F-11D3-BF4B-00C04F79EFBC}") = "TechInterview.Practice", "Technical.Interview.Practice\TechInterview.Practice.csproj", "{ADF0D475-9AC5-4167-B9B7-8CF117007995}"
EndProject
Global
	GlobalSection(SolutionConfigurationPlatforms) = preSolution
		Debug|Any CPU = Debug|Any CPU
		Release|Any CPU = Release|Any CPU
	EndGlobalSection
	GlobalSection(ProjectConfigurationPlatforms) = postSolution
		{ADF0D475-9AC5-4167-B9B7-8CF117007995}.Debug|Any CPU.ActiveCfg = Debug|Any CPU
		{ADF0D475-9AC5-4167-B9B7-8CF117007995}.Debug|Any CPU.Build.0 = Debug|Any CPU
		{ADF0D475-9AC5-4167-B9B7-8CF117007995}.Release|Any CPU.ActiveCfg = Release|Any CPU
		{ADF0D475-9AC5-4167-B9B7-8CF117007995}.Release|Any CPU.Build.0 = Release|Any CPU
	EndGlobalSection
	GlobalSection(SolutionProperties) = preSolution
		HideSolutionNode = FALSE
	EndGlobalSection
	GlobalSection(ExtensibilityGlobals) = postSolution
		SolutionGuid = {5C7548E4-AD4D-4895-B77F-99553E1DDCE7}
	EndGlobalSection
EndGlobal
